// !$*UTF8*$!
{
	archiveVersion = 1;
	classes = {
	};
	objectVersion = 46;
	objects = {

/* Begin PBXBuildFile section */
		42D120D81A0F76460043F4B8 /* main.m in Sources */ = {isa = PBXBuildFile; fileRef = 42D120D71A0F76460043F4B8 /* main.m */; };
		42D120DB1A0F76460043F4B8 /* AppDelegate.m in Sources */ = {isa = PBXBuildFile; fileRef = 42D120DA1A0F76460043F4B8 /* AppDelegate.m */; };
		42D120DE1A0F76460043F4B8 /* VITAcademics.xcdatamodeld in Sources */ = {isa = PBXBuildFile; fileRef = 42D120DC1A0F76460043F4B8 /* VITAcademics.xcdatamodeld */; };
		42D120E41A0F76460043F4B8 /* Main.storyboard in Resources */ = {isa = PBXBuildFile; fileRef = 42D120E21A0F76460043F4B8 /* Main.storyboard */; };
		42D120E61A0F76460043F4B8 /* Images.xcassets in Resources */ = {isa = PBXBuildFile; fileRef = 42D120E51A0F76460043F4B8 /* Images.xcassets */; };
		42D120E91A0F76460043F4B8 /* LaunchScreen.xib in Resources */ = {isa = PBXBuildFile; fileRef = 42D120E71A0F76460043F4B8 /* LaunchScreen.xib */; };
		42D120F51A0F76460043F4B8 /* VITAcademicsTests.m in Sources */ = {isa = PBXBuildFile; fileRef = 42D120F41A0F76460043F4B8 /* VITAcademicsTests.m */; };
		42D121021A0F7E930043F4B8 /* BlurringView.m in Sources */ = {isa = PBXBuildFile; fileRef = 42D121011A0F7E930043F4B8 /* BlurringView.m */; };
		42D121061A0F80670043F4B8 /* UIImage+ImageEffects.m in Sources */ = {isa = PBXBuildFile; fileRef = 42D121051A0F80670043F4B8 /* UIImage+ImageEffects.m */; };
		42D121091A0F81840043F4B8 /* MainContainerViewController.m in Sources */ = {isa = PBXBuildFile; fileRef = 42D121081A0F81840043F4B8 /* MainContainerViewController.m */; };
		42D1210B1A0F82670043F4B8 /* test.jpg in Resources */ = {isa = PBXBuildFile; fileRef = 42D1210A1A0F82670043F4B8 /* test.jpg */; };
/* End PBXBuildFile section */

/* Begin PBXContainerItemProxy section */
		42D120EF1A0F76460043F4B8 /* PBXContainerItemProxy */ = {
			isa = PBXContainerItemProxy;
			containerPortal = 42D120CA1A0F76460043F4B8 /* Project object */;
			proxyType = 1;
			remoteGlobalIDString = 42D120D11A0F76460043F4B8;
			remoteInfo = VITAcademics;
		};
/* End PBXContainerItemProxy section */

/* Begin PBXFileReference section */
		42D120D21A0F76460043F4B8 /* VITAcademics.app */ = {isa = PBXFileReference; explicitFileType = wrapper.application; includeInIndex = 0; path = VITAcademics.app; sourceTree = BUILT_PRODUCTS_DIR; };
		42D120D61A0F76460043F4B8 /* Info.plist */ = {isa = PBXFileReference; lastKnownFileType = text.plist.xml; path = Info.plist; sourceTree = "<group>"; };
		42D120D71A0F76460043F4B8 /* main.m */ = {isa = PBXFileReference; lastKnownFileType = sourcecode.c.objc; path = main.m; sourceTree = "<group>"; };
		42D120D91A0F76460043F4B8 /* AppDelegate.h */ = {isa = PBXFileReference; lastKnownFileType = sourcecode.c.h; path = AppDelegate.h; sourceTree = "<group>"; };
		42D120DA1A0F76460043F4B8 /* AppDelegate.m */ = {isa = PBXFileReference; lastKnownFileType = sourcecode.c.objc; path = AppDelegate.m; sourceTree = "<group>"; };
		42D120DD1A0F76460043F4B8 /* VITAcademics.xcdatamodel */ = {isa = PBXFileReference; lastKnownFileType = wrapper.xcdatamodel; path = VITAcademics.xcdatamodel; sourceTree = "<group>"; };
		42D120E31A0F76460043F4B8 /* Base */ = {isa = PBXFileReference; lastKnownFileType = file.storyboard; name = Base; path = Base.lproj/Main.storyboard; sourceTree = "<group>"; };
		42D120E51A0F76460043F4B8 /* Images.xcassets */ = {isa = PBXFileReference; lastKnownFileType = folder.assetcatalog; path = Images.xcassets; sourceTree = "<group>"; };
		42D120E81A0F76460043F4B8 /* Base */ = {isa = PBXFileReference; lastKnownFileType = file.xib; name = Base; path = Base.lproj/LaunchScreen.xib; sourceTree = "<group>"; };
		42D120EE1A0F76460043F4B8 /* VITAcademicsTests.xctest */ = {isa = PBXFileReference; explicitFileType = wrapper.cfbundle; includeInIndex = 0; path = VITAcademicsTests.xctest; sourceTree = BUILT_PRODUCTS_DIR; };
		42D120F31A0F76460043F4B8 /* Info.plist */ = {isa = PBXFileReference; lastKnownFileType = text.plist.xml; path = Info.plist; sourceTree = "<group>"; };
		42D120F41A0F76460043F4B8 /* VITAcademicsTests.m */ = {isa = PBXFileReference; lastKnownFileType = sourcecode.c.objc; path = VITAcademicsTests.m; sourceTree = "<group>"; };
		42D121001A0F7E930043F4B8 /* BlurringView.h */ = {isa = PBXFileReference; fileEncoding = 4; lastKnownFileType = sourcecode.c.h; path = BlurringView.h; sourceTree = "<group>"; };
		42D121011A0F7E930043F4B8 /* BlurringView.m */ = {isa = PBXFileReference; fileEncoding = 4; lastKnownFileType = sourcecode.c.objc; path = BlurringView.m; sourceTree = "<group>"; };
		42D121041A0F80670043F4B8 /* UIImage+ImageEffects.h */ = {isa = PBXFileReference; fileEncoding = 4; lastKnownFileType = sourcecode.c.h; path = "UIImage+ImageEffects.h"; sourceTree = "<group>"; };
		42D121051A0F80670043F4B8 /* UIImage+ImageEffects.m */ = {isa = PBXFileReference; fileEncoding = 4; lastKnownFileType = sourcecode.c.objc; path = "UIImage+ImageEffects.m"; sourceTree = "<group>"; };
		42D121071A0F81840043F4B8 /* MainContainerViewController.h */ = {isa = PBXFileReference; fileEncoding = 4; lastKnownFileType = sourcecode.c.h; path = MainContainerViewController.h; sourceTree = "<group>"; };
		42D121081A0F81840043F4B8 /* MainContainerViewController.m */ = {isa = PBXFileReference; fileEncoding = 4; lastKnownFileType = sourcecode.c.objc; path = MainContainerViewController.m; sourceTree = "<group>"; };
		42D1210A1A0F82670043F4B8 /* test.jpg */ = {isa = PBXFileReference; lastKnownFileType = image.jpeg; path = test.jpg; sourceTree = "<group>"; };
/* End PBXFileReference section */

/* Begin PBXFrameworksBuildPhase section */
		42D120CF1A0F76460043F4B8 /* Frameworks */ = {
			isa = PBXFrameworksBuildPhase;
			buildActionMask = 2147483647;
			files = (
			);
			runOnlyForDeploymentPostprocessing = 0;
		};
		42D120EB1A0F76460043F4B8 /* Frameworks */ = {
			isa = PBXFrameworksBuildPhase;
			buildActionMask = 2147483647;
			files = (
			);
			runOnlyForDeploymentPostprocessing = 0;
		};
/* End PBXFrameworksBuildPhase section */

/* Begin PBXGroup section */
		42D120C91A0F76460043F4B8 = {
			isa = PBXGroup;
			children = (
				42D120D41A0F76460043F4B8 /* VITAcademics */,
				42D120F11A0F76460043F4B8 /* VITAcademicsTests */,
				42D120D31A0F76460043F4B8 /* Products */,
			);
			sourceTree = "<group>";
		};
		42D120D31A0F76460043F4B8 /* Products */ = {
			isa = PBXGroup;
			children = (
				42D120D21A0F76460043F4B8 /* VITAcademics.app */,
				42D120EE1A0F76460043F4B8 /* VITAcademicsTests.xctest */,
			);
			name = Products;
			sourceTree = "<group>";
		};
		42D120D41A0F76460043F4B8 /* VITAcademics */ = {
			isa = PBXGroup;
			children = (
				42D120E21A0F76460043F4B8 /* Main.storyboard */,
				42D121071A0F81840043F4B8 /* MainContainerViewController.h */,
				42D121081A0F81840043F4B8 /* MainContainerViewController.m */,
				42D1210A1A0F82670043F4B8 /* test.jpg */,
				42D121031A0F7E990043F4B8 /* Views */,
				42D120FF1A0F7DEF0043F4B8 /* Core Data */,
				42D120FE1A0F7DDD0043F4B8 /* AddDelegate */,
				42D120D51A0F76460043F4B8 /* Supporting Files */,
			);
			path = VITAcademics;
			sourceTree = "<group>";
		};
		42D120D51A0F76460043F4B8 /* Supporting Files */ = {
			isa = PBXGroup;
			children = (
				42D120E51A0F76460043F4B8 /* Images.xcassets */,
				42D120E71A0F76460043F4B8 /* LaunchScreen.xib */,
				42D120D61A0F76460043F4B8 /* Info.plist */,
				42D120D71A0F76460043F4B8 /* main.m */,
			);
			name = "Supporting Files";
			sourceTree = "<group>";
		};
		42D120F11A0F76460043F4B8 /* VITAcademicsTests */ = {
			isa = PBXGroup;
			children = (
				42D120F41A0F76460043F4B8 /* VITAcademicsTests.m */,
				42D120F21A0F76460043F4B8 /* Supporting Files */,
			);
			path = VITAcademicsTests;
			sourceTree = "<group>";
		};
		42D120F21A0F76460043F4B8 /* Supporting Files */ = {
			isa = PBXGroup;
			children = (
				42D120F31A0F76460043F4B8 /* Info.plist */,
			);
			name = "Supporting Files";
			sourceTree = "<group>";
		};
		42D120FE1A0F7DDD0043F4B8 /* AddDelegate */ = {
			isa = PBXGroup;
			children = (
				42D120D91A0F76460043F4B8 /* AppDelegate.h */,
				42D120DA1A0F76460043F4B8 /* AppDelegate.m */,
			);
			name = AddDelegate;
			sourceTree = "<group>";
		};
		42D120FF1A0F7DEF0043F4B8 /* Core Data */ = {
			isa = PBXGroup;
			children = (
				42D120DC1A0F76460043F4B8 /* VITAcademics.xcdatamodeld */,
			);
			name = "Core Data";
			sourceTree = "<group>";
		};
		42D121031A0F7E990043F4B8 /* Views */ = {
			isa = PBXGroup;
			children = (
				42D121001A0F7E930043F4B8 /* BlurringView.h */,
				42D121011A0F7E930043F4B8 /* BlurringView.m */,
				42D121041A0F80670043F4B8 /* UIImage+ImageEffects.h */,
				42D121051A0F80670043F4B8 /* UIImage+ImageEffects.m */,
			);
			name = Views;
			sourceTree = "<group>";
		};
/* End PBXGroup section */

/* Begin PBXNativeTarget section */
		42D120D11A0F76460043F4B8 /* VITAcademics */ = {
			isa = PBXNativeTarget;
			buildConfigurationList = 42D120F81A0F76460043F4B8 /* Build configuration list for PBXNativeTarget "VITAcademics" */;
			buildPhases = (
				42D120CE1A0F76460043F4B8 /* Sources */,
				42D120CF1A0F76460043F4B8 /* Frameworks */,
				42D120D01A0F76460043F4B8 /* Resources */,
			);
			buildRules = (
			);
			dependencies = (
			);
			name = VITAcademics;
			productName = VITAcademics;
			productReference = 42D120D21A0F76460043F4B8 /* VITAcademics.app */;
			productType = "com.apple.product-type.application";
		};
		42D120ED1A0F76460043F4B8 /* VITAcademicsTests */ = {
			isa = PBXNativeTarget;
			buildConfigurationList = 42D120FB1A0F76460043F4B8 /* Build configuration list for PBXNativeTarget "VITAcademicsTests" */;
			buildPhases = (
				42D120EA1A0F76460043F4B8 /* Sources */,
				42D120EB1A0F76460043F4B8 /* Frameworks */,
				42D120EC1A0F76460043F4B8 /* Resources */,
			);
			buildRules = (
			);
			dependencies = (
				42D120F01A0F76460043F4B8 /* PBXTargetDependency */,
			);
			name = VITAcademicsTests;
			productName = VITAcademicsTests;
			productReference = 42D120EE1A0F76460043F4B8 /* VITAcademicsTests.xctest */;
			productType = "com.apple.product-type.bundle.unit-test";
		};
/* End PBXNativeTarget section */

/* Begin PBXProject section */
		42D120CA1A0F76460043F4B8 /* Project object */ = {
			isa = PBXProject;
			attributes = {
				LastUpgradeCheck = 0600;
				ORGANIZATIONNAME = "Pratham Mehta";
				TargetAttributes = {
					42D120D11A0F76460043F4B8 = {
						CreatedOnToolsVersion = 6.0.1;
					};
					42D120ED1A0F76460043F4B8 = {
						CreatedOnToolsVersion = 6.0.1;
						TestTargetID = 42D120D11A0F76460043F4B8;
					};
				};
			};
			buildConfigurationList = 42D120CD1A0F76460043F4B8 /* Build configuration list for PBXProject "VITAcademics" */;
			compatibilityVersion = "Xcode 3.2";
			developmentRegion = English;
			hasScannedForEncodings = 0;
			knownRegions = (
				en,
				Base,
			);
			mainGroup = 42D120C91A0F76460043F4B8;
			productRefGroup = 42D120D31A0F76460043F4B8 /* Products */;
			projectDirPath = "";
			projectRoot = "";
			targets = (
				42D120D11A0F76460043F4B8 /* VITAcademics */,
				42D120ED1A0F76460043F4B8 /* VITAcademicsTests */,
			);
		};
/* End PBXProject section */

/* Begin PBXResourcesBuildPhase section */
		42D120D01A0F76460043F4B8 /* Resources */ = {
			isa = PBXResourcesBuildPhase;
			buildActionMask = 2147483647;
			files = (
				42D1210B1A0F82670043F4B8 /* test.jpg in Resources */,
				42D120E41A0F76460043F4B8 /* Main.storyboard in Resources */,
				42D120E91A0F76460043F4B8 /* LaunchScreen.xib in Resources */,
				42D120E61A0F76460043F4B8 /* Images.xcassets in Resources */,
			);
			runOnlyForDeploymentPostprocessing = 0;
		};
		42D120EC1A0F76460043F4B8 /* Resources */ = {
			isa = PBXResourcesBuildPhase;
			buildActionMask = 2147483647;
			files = (
			);
			runOnlyForDeploymentPostprocessing = 0;
		};
/* End PBXResourcesBuildPhase section */

/* Begin PBXSourcesBuildPhase section */
		42D120CE1A0F76460043F4B8 /* Sources */ = {
			isa = PBXSourcesBuildPhase;
			buildActionMask = 2147483647;
			files = (
				42D120DB1A0F76460043F4B8 /* AppDelegate.m in Sources */,
				42D121061A0F80670043F4B8 /* UIImage+ImageEffects.m in Sources */,
				42D121021A0F7E930043F4B8 /* BlurringView.m in Sources */,
				42D120DE1A0F76460043F4B8 /* VITAcademics.xcdatamodeld in Sources */,
				42D120D81A0F76460043F4B8 /* main.m in Sources */,
				42D121091A0F81840043F4B8 /* MainContainerViewController.m in Sources */,
			);
			runOnlyForDeploymentPostprocessing = 0;
		};
		42D120EA1A0F76460043F4B8 /* Sources */ = {
			isa = PBXSourcesBuildPhase;
			buildActionMask = 2147483647;
			files = (
				42D120F51A0F76460043F4B8 /* VITAcademicsTests.m in Sources */,
			);
			runOnlyForDeploymentPostprocessing = 0;
		};
/* End PBXSourcesBuildPhase section */

/* Begin PBXTargetDependency section */
		42D120F01A0F76460043F4B8 /* PBXTargetDependency */ = {
			isa = PBXTargetDependency;
			target = 42D120D11A0F76460043F4B8 /* VITAcademics */;
			targetProxy = 42D120EF1A0F76460043F4B8 /* PBXContainerItemProxy */;
		};
/* End PBXTargetDependency section */

/* Begin PBXVariantGroup section */
		42D120E21A0F76460043F4B8 /* Main.storyboard */ = {
			isa = PBXVariantGroup;
			children = (
				42D120E31A0F76460043F4B8 /* Base */,
			);
			name = Main.storyboard;
			sourceTree = "<group>";
		};
		42D120E71A0F76460043F4B8 /* LaunchScreen.xib */ = {
			isa = PBXVariantGroup;
			children = (
				42D120E81A0F76460043F4B8 /* Base */,
			);
			name = LaunchScreen.xib;
			sourceTree = "<group>";
		};
/* End PBXVariantGroup section */

/* Begin XCBuildConfiguration section */
		42D120F61A0F76460043F4B8 /* Debug */ = {
			isa = XCBuildConfiguration;
			buildSettings = {
				ALWAYS_SEARCH_USER_PATHS = NO;
				CLANG_CXX_LANGUAGE_STANDARD = "gnu++0x";
				CLANG_CXX_LIBRARY = "libc++";
				CLANG_ENABLE_MODULES = YES;
				CLANG_ENABLE_OBJC_ARC = YES;
				CLANG_WARN_BOOL_CONVERSION = YES;
				CLANG_WARN_CONSTANT_CONVERSION = YES;
				CLANG_WARN_DIRECT_OBJC_ISA_USAGE = YES_ERROR;
				CLANG_WARN_EMPTY_BODY = YES;
				CLANG_WARN_ENUM_CONVERSION = YES;
				CLANG_WARN_INT_CONVERSION = YES;
				CLANG_WARN_OBJC_ROOT_CLASS = YES_ERROR;
				CLANG_WARN_UNREACHABLE_CODE = YES;
				CLANG_WARN__DUPLICATE_METHOD_MATCH = YES;
				"CODE_SIGN_IDENTITY[sdk=iphoneos*]" = "iPhone Developer";
				COPY_PHASE_STRIP = NO;
				ENABLE_STRICT_OBJC_MSGSEND = YES;
				GCC_C_LANGUAGE_STANDARD = gnu99;
				GCC_DYNAMIC_NO_PIC = NO;
				GCC_OPTIMIZATION_LEVEL = 0;
				GCC_PREPROCESSOR_DEFINITIONS = (
					"DEBUG=1",
					"$(inherited)",
				);
				GCC_SYMBOLS_PRIVATE_EXTERN = NO;
				GCC_WARN_64_TO_32_BIT_CONVERSION = YES;
				GCC_WARN_ABOUT_RETURN_TYPE = YES_ERROR;
				GCC_WARN_UNDECLARED_SELECTOR = YES;
				GCC_WARN_UNINITIALIZED_AUTOS = YES_AGGRESSIVE;
				GCC_WARN_UNUSED_FUNCTION = YES;
				GCC_WARN_UNUSED_VARIABLE = YES;
				IPHONEOS_DEPLOYMENT_TARGET = 8.0;
				MTL_ENABLE_DEBUG_INFO = YES;
				ONLY_ACTIVE_ARCH = YES;
				SDKROOT = iphoneos;
			};
			name = Debug;
		};
		42D120F71A0F76460043F4B8 /* Release */ = {
			isa = XCBuildConfiguration;
			buildSettings = {
				ALWAYS_SEARCH_USER_PATHS = NO;
				CLANG_CXX_LANGUAGE_STANDARD = "gnu++0x";
				CLANG_CXX_LIBRARY = "libc++";
				CLANG_ENABLE_MODULES = YES;
				CLANG_ENABLE_OBJC_ARC = YES;
				CLANG_WARN_BOOL_CONVERSION = YES;
				CLANG_WARN_CONSTANT_CONVERSION = YES;
				CLANG_WARN_DIRECT_OBJC_ISA_USAGE = YES_ERROR;
				CLANG_WARN_EMPTY_BODY = YES;
				CLANG_WARN_ENUM_CONVERSION = YES;
				CLANG_WARN_INT_CONVERSION = YES;
				CLANG_WARN_OBJC_ROOT_CLASS = YES_ERROR;
				CLANG_WARN_UNREACHABLE_CODE = YES;
				CLANG_WARN__DUPLICATE_METHOD_MATCH = YES;
				"CODE_SIGN_IDENTITY[sdk=iphoneos*]" = "iPhone Developer";
				COPY_PHASE_STRIP = YES;
				ENABLE_NS_ASSERTIONS = NO;
				ENABLE_STRICT_OBJC_MSGSEND = YES;
				GCC_C_LANGUAGE_STANDARD = gnu99;
				GCC_WARN_64_TO_32_BIT_CONVERSION = YES;
				GCC_WARN_ABOUT_RETURN_TYPE = YES_ERROR;
				GCC_WARN_UNDECLARED_SELECTOR = YES;
				GCC_WARN_UNINITIALIZED_AUTOS = YES_AGGRESSIVE;
				GCC_WARN_UNUSED_FUNCTION = YES;
				GCC_WARN_UNUSED_VARIABLE = YES;
				IPHONEOS_DEPLOYMENT_TARGET = 8.0;
				MTL_ENABLE_DEBUG_INFO = NO;
				SDKROOT = iphoneos;
				VALIDATE_PRODUCT = YES;
			};
			name = Release;
		};
		42D120F91A0F76460043F4B8 /* Debug */ = {
			isa = XCBuildConfiguration;
			buildSettings = {
				ASSETCATALOG_COMPILER_APPICON_NAME = AppIcon;
				INFOPLIST_FILE = VITAcademics/Info.plist;
				LD_RUNPATH_SEARCH_PATHS = "$(inherited) @executable_path/Frameworks";
				PRODUCT_NAME = "$(TARGET_NAME)";
			};
			name = Debug;
		};
		42D120FA1A0F76460043F4B8 /* Release */ = {
			isa = XCBuildConfiguration;
			buildSettings = {
				ASSETCATALOG_COMPILER_APPICON_NAME = AppIcon;
				INFOPLIST_FILE = VITAcademics/Info.plist;
				LD_RUNPATH_SEARCH_PATHS = "$(inherited) @executable_path/Frameworks";
				PRODUCT_NAME = "$(TARGET_NAME)";
			};
			name = Release;
		};
		42D120FC1A0F76460043F4B8 /* Debug */ = {
			isa = XCBuildConfiguration;
			buildSettings = {
				BUNDLE_LOADER = "$(TEST_HOST)";
				FRAMEWORK_SEARCH_PATHS = (
					"$(SDKROOT)/Developer/Library/Frameworks",
					"$(inherited)",
				);
				GCC_PREPROCESSOR_DEFINITIONS = (
					"DEBUG=1",
					"$(inherited)",
				);
				INFOPLIST_FILE = VITAcademicsTests/Info.plist;
				LD_RUNPATH_SEARCH_PATHS = "$(inherited) @executable_path/Frameworks @loader_path/Frameworks";
				PRODUCT_NAME = "$(TARGET_NAME)";
				TEST_HOST = "$(BUILT_PRODUCTS_DIR)/VITAcademics.app/VITAcademics";
			};
			name = Debug;
		};
		42D120FD1A0F76460043F4B8 /* Release */ = {
			isa = XCBuildConfiguration;
			buildSettings = {
				BUNDLE_LOADER = "$(TEST_HOST)";
				FRAMEWORK_SEARCH_PATHS = (
					"$(SDKROOT)/Developer/Library/Frameworks",
					"$(inherited)",
				);
				INFOPLIST_FILE = VITAcademicsTests/Info.plist;
				LD_RUNPATH_SEARCH_PATHS = "$(inherited) @executable_path/Frameworks @loader_path/Frameworks";
				PRODUCT_NAME = "$(TARGET_NAME)";
				TEST_HOST = "$(BUILT_PRODUCTS_DIR)/VITAcademics.app/VITAcademics";
			};
			name = Release;
		};
/* End XCBuildConfiguration section */

/* Begin XCConfigurationList section */
		42D120CD1A0F76460043F4B8 /* Build configuration list for PBXProject "VITAcademics" */ = {
			isa = XCConfigurationList;
			buildConfigurations = (
				42D120F61A0F76460043F4B8 /* Debug */,
				42D120F71A0F76460043F4B8 /* Release */,
			);
			defaultConfigurationIsVisible = 0;
			defaultConfigurationName = Release;
		};
		42D120F81A0F76460043F4B8 /* Build configuration list for PBXNativeTarget "VITAcademics" */ = {
			isa = XCConfigurationList;
			buildConfigurations = (
				42D120F91A0F76460043F4B8 /* Debug */,
				42D120FA1A0F76460043F4B8 /* Release */,
			);
			defaultConfigurationIsVisible = 0;
			defaultConfigurationName = Release;
		};
		42D120FB1A0F76460043F4B8 /* Build configuration list for PBXNativeTarget "VITAcademicsTests" */ = {
			isa = XCConfigurationList;
			buildConfigurations = (
				42D120FC1A0F76460043F4B8 /* Debug */,
				42D120FD1A0F76460043F4B8 /* Release */,
			);
			defaultConfigurationIsVisible = 0;
			defaultConfigurationName = Release;
		};
/* End XCConfigurationList section */

/* Begin XCVersionGroup section */
		42D120DC1A0F76460043F4B8 /* VITAcademics.xcdatamodeld */ = {
			isa = XCVersionGroup;
			children = (
				42D120DD1A0F76460043F4B8 /* VITAcademics.xcdatamodel */,
			);
			currentVersion = 42D120DD1A0F76460043F4B8 /* VITAcademics.xcdatamodel */;
			path = VITAcademics.xcdatamodeld;
			sourceTree = "<group>";
			versionGroupType = wrapper.xcdatamodel;
		};
/* End XCVersionGroup section */
	};
	rootObject = 42D120CA1A0F76460043F4B8 /* Project object */;
}
